{
  "name": "starting",
  "version": "1.0.0",
  "lockfileVersion": 2,
  "requires": true,
  "packages": {
    "": {
      "name": "starting",
      "version": "1.0.0",
      "license": "ISC",
      "dependencies": {
        "esbuild": "^0.14.19",
        "react": "^17.0.2",
        "react-dom": "^17.0.2"
      },
      "devDependencies": {
        "prettier": "^2.5.1"
      }
    },
    "node_modules/esbuild": {
      "version": "0.14.19",
      "resolved": "https://registry.npmjs.org/esbuild/-/esbuild-0.14.19.tgz",
      "integrity": "sha512-aBbxc+wvD608wYlpKGtOjUGnhiM/0LLndrkVL8dYxIRb3I+lEBJ1w3i2A4rfd5z3Tf4IzJJ1c+HHliC02WQdJg==",
      "hasInstallScript": true,
      "bin": {
        "esbuild": "bin/esbuild"
      },
      "engines": {
        "node": ">=12"
      },
      "optionalDependencies": {
        "esbuild-android-arm64": "0.14.19",
        "esbuild-darwin-64": "0.14.19",
        "esbuild-darwin-arm64": "0.14.19",
        "esbuild-freebsd-64": "0.14.19",
        "esbuild-freebsd-arm64": "0.14.19",
        "esbuild-linux-32": "0.14.19",
        "esbuild-linux-64": "0.14.19",
        "esbuild-linux-arm": "0.14.19",
        "esbuild-linux-arm64": "0.14.19",
        "esbuild-linux-mips64le": "0.14.19",
        "esbuild-linux-ppc64le": "0.14.19",
        "esbuild-linux-s390x": "0.14.19",
        "esbuild-netbsd-64": "0.14.19",
        "esbuild-openbsd-64": "0.14.19",
        "esbuild-sunos-64": "0.14.19",
        "esbuild-windows-32": "0.14.19",
        "esbuild-windows-64": "0.14.19",
        "esbuild-windows-arm64": "0.14.19"
      }
    },
    "node_modules/esbuild-android-arm64": {
      "version": "0.14.19",
      "resolved": "https://registry.npmjs.org/esbuild-android-arm64/-/esbuild-android-arm64-0.14.19.tgz",
      "integrity": "sha512-5Mziv27+XaHXEizlDBkgzSbkYvAyPCwarmMHr5WYYjtM4oAz1DdIT+arZY1mW6M4/5pGPsmFCGyJ3UVXtgjtMw==",
      "cpu": [
        "arm64"
      ],
      "optional": true,
      "os": [
        "android"
      ],
      "engines": {
        "node": ">=12"
      }
    },
    "node_modules/esbuild-darwin-64": {
      "version": "0.14.19",
      "resolved": "https://registry.npmjs.org/esbuild-darwin-64/-/esbuild-darwin-64-0.14.19.tgz",
      "integrity": "sha512-7AVoNnlLkU2Cm7yaJkPO3RxDwjbXR5pv6JQlnhUEjGdq2+anR235whUf9bJ77s3PgawLKN4bd/FiS+zTnrR5DA==",
      "cpu": [
        "x64"
      ],
      "optional": true,
      "os": [
        "darwin"
      ],
      "engines": {
        "node": ">=12"
      }
    },
    "node_modules/esbuild-darwin-arm64": {
      "version": "0.14.19",
      "resolved": "https://registry.npmjs.org/esbuild-darwin-arm64/-/esbuild-darwin-arm64-0.14.19.tgz",
      "integrity": "sha512-0th1UC7AwpUVjRAVbfrHeFMxAO4mHfj+ai+gkUmoTNmAZ2h5+wJM0la+9hEu7MtgE70NoX7c1m50PKJupFOk6A==",
      "cpu": [
        "arm64"
      ],
      "optional": true,
      "os": [
        "darwin"
      ],
      "engines": {
        "node": ">=12"
      }
    },
    "node_modules/esbuild-freebsd-64": {
      "version": "0.14.19",
      "resolved": "https://registry.npmjs.org/esbuild-freebsd-64/-/esbuild-freebsd-64-0.14.19.tgz",
      "integrity": "sha512-RvEKE6qUAlT8HpICIcj73ebOpwoRLKVNBcJVmeYEsiIwtJf/Cc0TW/jQagwqe3s2Cw0Os+FBtB7azNW670zwLQ==",
      "cpu": [
        "x64"
      ],
      "optional": true,
      "os": [
        "freebsd"
      ],
      "engines": {
        "node": ">=12"
      }
    },
    "node_modules/esbuild-freebsd-arm64": {
      "version": "0.14.19",
      "resolved": "https://registry.npmjs.org/esbuild-freebsd-arm64/-/esbuild-freebsd-arm64-0.14.19.tgz",
      "integrity": "sha512-XIZKnLHwz4E18FOWi4bdl8CkV7HYxqHE8WS7j3HFw0+uJa6S0iCqDTz5QyQxxOxXbytQdKWAdB7zuU8k3KbrQA==",
      "cpu": [
        "arm64"
      ],
      "optional": true,
      "os": [
        "freebsd"
      ],
      "engines": {
        "node": ">=12"
      }
    },
    "node_modules/esbuild-linux-32": {
      "version": "0.14.19",
      "resolved": "https://registry.npmjs.org/esbuild-linux-32/-/esbuild-linux-32-0.14.19.tgz",
      "integrity": "sha512-v1NBJjhYzJPJNrBzhiGGyM9N1rUsqLtyLPSnLldnvrWTC+OYgTbq2vItvzXKM6P36VpioFsPIIGe0FYI+z/lUg==",
      "cpu": [
        "ia32"
      ],
      "optional": true,
      "os": [
        "linux"
      ],
      "engines": {
        "node": ">=12"
      }
    },
    "node_modules/esbuild-linux-64": {
      "version": "0.14.19",
      "resolved": "https://registry.npmjs.org/esbuild-linux-64/-/esbuild-linux-64-0.14.19.tgz",
      "integrity": "sha512-DtnOiAo0Vc4elOxl8U6wRMRXEj7ZMVy1brlzGGS8ia1IzDoJce10+3y7yvhzJsTlYjIC2uZ1gfUadGSX+L1ZXg==",
      "cpu": [
        "x64"
      ],
      "optional": true,
      "os": [
        "linux"
      ],
      "engines": {
        "node": ">=12"
      }
    },
    "node_modules/esbuild-linux-arm": {
      "version": "0.14.19",
      "resolved": "https://registry.npmjs.org/esbuild-linux-arm/-/esbuild-linux-arm-0.14.19.tgz",
      "integrity": "sha512-NAKn1k0sH7V1Qy2myC7DEwDKA6ZgHm9u0Iu8Sl3Ke+H9Mw4KN4/fxWa+NGaXc0s/qeM2zIz6OPc39UxREeu+jQ==",
      "cpu": [
        "arm"
      ],
      "optional": true,
      "os": [
        "linux"
      ],
      "engines": {
        "node": ">=12"
      }
    },
    "node_modules/esbuild-linux-arm64": {
      "version": "0.14.19",
      "resolved": "https://registry.npmjs.org/esbuild-linux-arm64/-/esbuild-linux-arm64-0.14.19.tgz",
      "integrity": "sha512-igp6q1r60mGgOnzOkFdfa7GueXdTtsUCdkKvnKi3GMHIartBwccIIT1KfmE3JUAKsCpmuu0Qn6m05Oje7fIftw==",
      "cpu": [
        "arm64"
      ],
      "optional": true,
      "os": [
        "linux"
      ],
      "engines": {
        "node": ">=12"
      }
    },
    "node_modules/esbuild-linux-mips64le": {
      "version": "0.14.19",
      "resolved": "https://registry.npmjs.org/esbuild-linux-mips64le/-/esbuild-linux-mips64le-0.14.19.tgz",
      "integrity": "sha512-fxqV/oe3uZYBWIwzYYX78qeMKoF+ovPCv5Y6OEBdw5bBvzhsY2SXHeMtedYSOAEtoUwQbPbRShXb1WpBLR/bTw==",
      "cpu": [
        "mips64el"
      ],
      "optional": true,
      "os": [
        "linux"
      ],
      "engines": {
        "node": ">=12"
      }
    },
    "node_modules/esbuild-linux-ppc64le": {
      "version": "0.14.19",
      "resolved": "https://registry.npmjs.org/esbuild-linux-ppc64le/-/esbuild-linux-ppc64le-0.14.19.tgz",
      "integrity": "sha512-YbfC4HD4GbiwkojrAL3aXHzvuOfUZwUMQP5EoctsOQQ5yYlfYQkeXtE2KWaoc1uf9XHsmLaapkEOL4Y30rhPEg==",
      "cpu": [
        "ppc64"
      ],
      "optional": true,
      "os": [
        "linux"
      ],
      "engines": {
        "node": ">=12"
      }
    },
    "node_modules/esbuild-linux-s390x": {
      "version": "0.14.19",
      "resolved": "https://registry.npmjs.org/esbuild-linux-s390x/-/esbuild-linux-s390x-0.14.19.tgz",
      "integrity": "sha512-cjVGsJh+XAzWH/KmqaLcMKP7qP4WJJILmrn3AKVWhcNEYX/pfXFE6Gi1DIr/Wzp1j9cX+wA5xFCo4CJV0QPSSw==",
      "cpu": [
        "s390x"
      ],
      "optional": true,
      "os": [
        "linux"
      ],
      "engines": {
        "node": ">=12"
      }
    },
    "node_modules/esbuild-netbsd-64": {
      "version": "0.14.19",
      "resolved": "https://registry.npmjs.org/esbuild-netbsd-64/-/esbuild-netbsd-64-0.14.19.tgz",
      "integrity": "sha512-tteQWdqq4u4BpP3CjpW1CpZbeIuAtdrKV0i0C0TrrL5T0d1DPiGjiNuqu1YsyCfSP44Umk5DT4GZD0kpEwNN1g==",
      "cpu": [
        "x64"
      ],
      "optional": true,
      "os": [
        "netbsd"
      ],
      "engines": {
        "node": ">=12"
      }
    },
    "node_modules/esbuild-openbsd-64": {
      "version": "0.14.19",
      "resolved": "https://registry.npmjs.org/esbuild-openbsd-64/-/esbuild-openbsd-64-0.14.19.tgz",
      "integrity": "sha512-W6aQZlLkMHerQ6wKCR869pwkg5ohTUKNuhC8EBl9t6Cb8kv2KLWC8hG+477hksdeWMaVimu3pHvzCMVkBDIhmw==",
      "cpu": [
        "x64"
      ],
      "optional": true,
      "os": [
        "openbsd"
      ],
      "engines": {
        "node": ">=12"
      }
    },
    "node_modules/esbuild-sunos-64": {
      "version": "0.14.19",
      "resolved": "https://registry.npmjs.org/esbuild-sunos-64/-/esbuild-sunos-64-0.14.19.tgz",
      "integrity": "sha512-FIsHunnUs6DqCYdkUNScxbdvjxIxW/33+4Kz6BNMekKPCqOKnXU/0xIaoRt7f798B4UI+ocx31hqSViRn37Qig==",
      "cpu": [
        "x64"
      ],
      "optional": true,
      "os": [
        "sunos"
      ],
      "engines": {
        "node": ">=12"
      }
    },
    "node_modules/esbuild-windows-32": {
      "version": "0.14.19",
      "resolved": "https://registry.npmjs.org/esbuild-windows-32/-/esbuild-windows-32-0.14.19.tgz",
      "integrity": "sha512-HY9k1v9LXFYicR4h4F6c04a4Ls7jp2MOAxDVRAofq4Exfx5oogskFSAl2vdRfhmtBYGE9TrGUSs4GUUuKTsfWQ==",
      "cpu": [
        "ia32"
      ],
      "optional": true,
      "os": [
        "win32"
      ],
      "engines": {
        "node": ">=12"
      }
    },
    "node_modules/esbuild-windows-64": {
      "version": "0.14.19",
      "resolved": "https://registry.npmjs.org/esbuild-windows-64/-/esbuild-windows-64-0.14.19.tgz",
      "integrity": "sha512-qtDhyyCgHPjVQXNWQsfs5+dzqXeOkD58RmowUx7ps8prmkCfsSz6Uv0z0xgz04+S7ozng3+JSWHRc3JklpvLOg==",
      "cpu": [
        "x64"
      ],
      "optional": true,
      "os": [
        "win32"
      ],
      "engines": {
        "node": ">=12"
      }
    },
    "node_modules/esbuild-windows-arm64": {
      "version": "0.14.19",
      "resolved": "https://registry.npmjs.org/esbuild-windows-arm64/-/esbuild-windows-arm64-0.14.19.tgz",
      "integrity": "sha512-i1vTm6dwHCoXB+Dg2bmyr/DlJevA05nHem0QlKK4XmR0lGqJjOmmvNKyOEyXCYMBCSqnJKpg5bDBY3O1mRO8Cw==",
      "cpu": [
        "arm64"
      ],
      "optional": true,
      "os": [
        "win32"
      ],
      "engines": {
        "node": ">=12"
      }
    },
    "node_modules/js-tokens": {
      "version": "4.0.0",
      "resolved": "https://registry.npmjs.org/js-tokens/-/js-tokens-4.0.0.tgz",
      "integrity": "sha512-RdJUflcE3cUzKiMqQgsCu06FPu9UdIJO0beYbPhHN4k6apgJtifcoCtT9bcxOpYBtpD2kCM6Sbzg4CausW/PKQ=="
    },
    "node_modules/loose-envify": {
      "version": "1.4.0",
      "resolved": "https://registry.npmjs.org/loose-envify/-/loose-envify-1.4.0.tgz",
      "integrity": "sha512-lyuxPGr/Wfhrlem2CL/UcnUc1zcqKAImBDzukY7Y5F/yQiNdko6+fRLevlw1HgMySw7f611UIY408EtxRSoK3Q==",
      "dependencies": {
        "js-tokens": "^3.0.0 || ^4.0.0"
      },
      "bin": {
        "loose-envify": "cli.js"
      }
    },
    "node_modules/object-assign": {
      "version": "4.1.1",
      "resolved": "https://registry.npmjs.org/object-assign/-/object-assign-4.1.1.tgz",
      "integrity": "sha1-IQmtx5ZYh8/AXLvUQsrIv7s2CGM=",
      "engines": {
        "node": ">=0.10.0"
      }
    },
    "node_modules/prettier": {
      "version": "2.5.1",
      "resolved": "https://registry.npmjs.org/prettier/-/prettier-2.5.1.tgz",
      "integrity": "sha512-vBZcPRUR5MZJwoyi3ZoyQlc1rXeEck8KgeC9AwwOn+exuxLxq5toTRDTSaVrXHxelDMHy9zlicw8u66yxoSUFg==",
      "dev": true,
      "bin": {
        "prettier": "bin-prettier.js"
      },
      "engines": {
        "node": ">=10.13.0"
      }
    },
    "node_modules/react": {
      "version": "17.0.2",
      "resolved": "https://registry.npmjs.org/react/-/react-17.0.2.tgz",
      "integrity": "sha512-gnhPt75i/dq/z3/6q/0asP78D0u592D5L1pd7M8P+dck6Fu/jJeL6iVVK23fptSUZj8Vjf++7wXA8UNclGQcbA==",
      "dependencies": {
        "loose-envify": "^1.1.0",
        "object-assign": "^4.1.1"
      },
      "engines": {
        "node": ">=0.10.0"
      }
    },
    "node_modules/react-dom": {
      "version": "17.0.2",
      "resolved": "https://registry.npmjs.org/react-dom/-/react-dom-17.0.2.tgz",
      "integrity": "sha512-s4h96KtLDUQlsENhMn1ar8t2bEa+q/YAtj8pPPdIjPDGBDIVNsrD9aXNWqspUe6AzKCIG0C1HZZLqLV7qpOBGA==",
      "dependencies": {
        "loose-envify": "^1.1.0",
        "object-assign": "^4.1.1",
        "scheduler": "^0.20.2"
      },
      "peerDependencies": {
        "react": "17.0.2"
      }
    },
    "node_modules/scheduler": {
      "version": "0.20.2",
      "resolved": "https://registry.npmjs.org/scheduler/-/scheduler-0.20.2.tgz",
      "integrity": "sha512-2eWfGgAqqWFGqtdMmcL5zCMK1U8KlXv8SQFGglL3CEtd0aDVDWgeF/YoCmvln55m5zSk3J/20hTaSBeSObsQDQ==",
      "dependencies": {
        "loose-envify": "^1.1.0",
        "object-assign": "^4.1.1"
      }
    }
  },
  "dependencies": {
    "esbuild": {
      "version": "0.14.19",
      "resolved": "https://registry.npmjs.org/esbuild/-/esbuild-0.14.19.tgz",
      "integrity": "sha512-aBbxc+wvD608wYlpKGtOjUGnhiM/0LLndrkVL8dYxIRb3I+lEBJ1w3i2A4rfd5z3Tf4IzJJ1c+HHliC02WQdJg==",
      "requires": {
        "esbuild-android-arm64": "0.14.19",
        "esbuild-darwin-64": "0.14.19",
        "esbuild-darwin-arm64": "0.14.19",
        "esbuild-freebsd-64": "0.14.19",
        "esbuild-freebsd-arm64": "0.14.19",
        "esbuild-linux-32": "0.14.19",
        "esbuild-linux-64": "0.14.19",
        "esbuild-linux-arm": "0.14.19",
        "esbuild-linux-arm64": "0.14.19",
        "esbuild-linux-mips64le": "0.14.19",
        "esbuild-linux-ppc64le": "0.14.19",
        "esbuild-linux-s390x": "0.14.19",
        "esbuild-netbsd-64": "0.14.19",
        "esbuild-openbsd-64": "0.14.19",
        "esbuild-sunos-64": "0.14.19",
        "esbuild-windows-32": "0.14.19",
        "esbuild-windows-64": "0.14.19",
        "esbuild-windows-arm64": "0.14.19"
      }
    },
    "esbuild-android-arm64": {
      "version": "0.14.19",
      "resolved": "https://registry.npmjs.org/esbuild-android-arm64/-/esbuild-android-arm64-0.14.19.tgz",
      "integrity": "sha512-5Mziv27+XaHXEizlDBkgzSbkYvAyPCwarmMHr5WYYjtM4oAz1DdIT+arZY1mW6M4/5pGPsmFCGyJ3UVXtgjtMw==",
      "optional": true
    },
    "esbuild-darwin-64": {
      "version": "0.14.19",
      "resolved": "https://registry.npmjs.org/esbuild-darwin-64/-/esbuild-darwin-64-0.14.19.tgz",
      "integrity": "sha512-7AVoNnlLkU2Cm7yaJkPO3RxDwjbXR5pv6JQlnhUEjGdq2+anR235whUf9bJ77s3PgawLKN4bd/FiS+zTnrR5DA==",
      "optional": true
    },
    "esbuild-darwin-arm64": {
      "version": "0.14.19",
      "resolved": "https://registry.npmjs.org/esbuild-darwin-arm64/-/esbuild-darwin-arm64-0.14.19.tgz",
      "integrity": "sha512-0th1UC7AwpUVjRAVbfrHeFMxAO4mHfj+ai+gkUmoTNmAZ2h5+wJM0la+9hEu7MtgE70NoX7c1m50PKJupFOk6A==",
      "optional": true
    },
    "esbuild-freebsd-64": {
      "version": "0.14.19",
      "resolved": "https://registry.npmjs.org/esbuild-freebsd-64/-/esbuild-freebsd-64-0.14.19.tgz",
      "integrity": "sha512-RvEKE6qUAlT8HpICIcj73ebOpwoRLKVNBcJVmeYEsiIwtJf/Cc0TW/jQagwqe3s2Cw0Os+FBtB7azNW670zwLQ==",
      "optional": true
    },
    "esbuild-freebsd-arm64": {
      "version": "0.14.19",
      "resolved": "https://registry.npmjs.org/esbuild-freebsd-arm64/-/esbuild-freebsd-arm64-0.14.19.tgz",
      "integrity": "sha512-XIZKnLHwz4E18FOWi4bdl8CkV7HYxqHE8WS7j3HFw0+uJa6S0iCqDTz5QyQxxOxXbytQdKWAdB7zuU8k3KbrQA==",
      "optional": true
    },
    "esbuild-linux-32": {
      "version": "0.14.19",
      "resolved": "https://registry.npmjs.org/esbuild-linux-32/-/esbuild-linux-32-0.14.19.tgz",
      "integrity": "sha512-v1NBJjhYzJPJNrBzhiGGyM9N1rUsqLtyLPSnLldnvrWTC+OYgTbq2vItvzXKM6P36VpioFsPIIGe0FYI+z/lUg==",
      "optional": true
    },
    "esbuild-linux-64": {
      "version": "0.14.19",
      "resolved": "https://registry.npmjs.org/esbuild-linux-64/-/esbuild-linux-64-0.14.19.tgz",
      "integrity": "sha512-DtnOiAo0Vc4elOxl8U6wRMRXEj7ZMVy1brlzGGS8ia1IzDoJce10+3y7yvhzJsTlYjIC2uZ1gfUadGSX+L1ZXg==",
      "optional": true
    },
    "esbuild-linux-arm": {
      "version": "0.14.19",
      "resolved": "https://registry.npmjs.org/esbuild-linux-arm/-/esbuild-linux-arm-0.14.19.tgz",
      "integrity": "sha512-NAKn1k0sH7V1Qy2myC7DEwDKA6ZgHm9u0Iu8Sl3Ke+H9Mw4KN4/fxWa+NGaXc0s/qeM2zIz6OPc39UxREeu+jQ==",
      "optional": true
    },
    "esbuild-linux-arm64": {
      "version": "0.14.19",
      "resolved": "https://registry.npmjs.org/esbuild-linux-arm64/-/esbuild-linux-arm64-0.14.19.tgz",
      "integrity": "sha512-igp6q1r60mGgOnzOkFdfa7GueXdTtsUCdkKvnKi3GMHIartBwccIIT1KfmE3JUAKsCpmuu0Qn6m05Oje7fIftw==",
      "optional": true
    },
    "esbuild-linux-mips64le": {
      "version": "0.14.19",
      "resolved": "https://registry.npmjs.org/esbuild-linux-mips64le/-/esbuild-linux-mips64le-0.14.19.tgz",
      "integrity": "sha512-fxqV/oe3uZYBWIwzYYX78qeMKoF+ovPCv5Y6OEBdw5bBvzhsY2SXHeMtedYSOAEtoUwQbPbRShXb1WpBLR/bTw==",
      "optional": true
    },
    "esbuild-linux-ppc64le": {
      "version": "0.14.19",
      "resolved": "https://registry.npmjs.org/esbuild-linux-ppc64le/-/esbuild-linux-ppc64le-0.14.19.tgz",
      "integrity": "sha512-YbfC4HD4GbiwkojrAL3aXHzvuOfUZwUMQP5EoctsOQQ5yYlfYQkeXtE2KWaoc1uf9XHsmLaapkEOL4Y30rhPEg==",
      "optional": true
    },
    "esbuild-linux-s390x": {
      "version": "0.14.19",
      "resolved": "https://registry.npmjs.org/esbuild-linux-s390x/-/esbuild-linux-s390x-0.14.19.tgz",
      "integrity": "sha512-cjVGsJh+XAzWH/KmqaLcMKP7qP4WJJILmrn3AKVWhcNEYX/pfXFE6Gi1DIr/Wzp1j9cX+wA5xFCo4CJV0QPSSw==",
      "optional": true
    },
    "esbuild-netbsd-64": {
      "version": "0.14.19",
      "resolved": "https://registry.npmjs.org/esbuild-netbsd-64/-/esbuild-netbsd-64-0.14.19.tgz",
      "integrity": "sha512-tteQWdqq4u4BpP3CjpW1CpZbeIuAtdrKV0i0C0TrrL5T0d1DPiGjiNuqu1YsyCfSP44Umk5DT4GZD0kpEwNN1g==",
      "optional": true
    },
    "esbuild-openbsd-64": {
      "version": "0.14.19",
      "resolved": "https://registry.npmjs.org/esbuild-openbsd-64/-/esbuild-openbsd-64-0.14.19.tgz",
      "integrity": "sha512-W6aQZlLkMHerQ6wKCR869pwkg5ohTUKNuhC8EBl9t6Cb8kv2KLWC8hG+477hksdeWMaVimu3pHvzCMVkBDIhmw==",
      "optional": true
    },
    "esbuild-sunos-64": {
      "version": "0.14.19",
      "resolved": "https://registry.npmjs.org/esbuild-sunos-64/-/esbuild-sunos-64-0.14.19.tgz",
      "integrity": "sha512-FIsHunnUs6DqCYdkUNScxbdvjxIxW/33+4Kz6BNMekKPCqOKnXU/0xIaoRt7f798B4UI+ocx31hqSViRn37Qig==",
      "optional": true
    },
    "esbuild-windows-32": {
      "version": "0.14.19",
      "resolved": "https://registry.npmjs.org/esbuild-windows-32/-/esbuild-windows-32-0.14.19.tgz",
      "integrity": "sha512-HY9k1v9LXFYicR4h4F6c04a4Ls7jp2MOAxDVRAofq4Exfx5oogskFSAl2vdRfhmtBYGE9TrGUSs4GUUuKTsfWQ==",
      "optional": true
    },
    "esbuild-windows-64": {
      "version": "0.14.19",
      "resolved": "https://registry.npmjs.org/esbuild-windows-64/-/esbuild-windows-64-0.14.19.tgz",
      "integrity": "sha512-qtDhyyCgHPjVQXNWQsfs5+dzqXeOkD58RmowUx7ps8prmkCfsSz6Uv0z0xgz04+S7ozng3+JSWHRc3JklpvLOg==",
      "optional": true
    },
    "esbuild-windows-arm64": {
      "version": "0.14.19",
      "resolved": "https://registry.npmjs.org/esbuild-windows-arm64/-/esbuild-windows-arm64-0.14.19.tgz",
      "integrity": "sha512-i1vTm6dwHCoXB+Dg2bmyr/DlJevA05nHem0QlKK4XmR0lGqJjOmmvNKyOEyXCYMBCSqnJKpg5bDBY3O1mRO8Cw==",
      "optional": true
    },
    "js-tokens": {
      "version": "4.0.0",
      "resolved": "https://registry.npmjs.org/js-tokens/-/js-tokens-4.0.0.tgz",
      "integrity": "sha512-RdJUflcE3cUzKiMqQgsCu06FPu9UdIJO0beYbPhHN4k6apgJtifcoCtT9bcxOpYBtpD2kCM6Sbzg4CausW/PKQ=="
    },
    "loose-envify": {
      "version": "1.4.0",
      "resolved": "https://registry.npmjs.org/loose-envify/-/loose-envify-1.4.0.tgz",
      "integrity": "sha512-lyuxPGr/Wfhrlem2CL/UcnUc1zcqKAImBDzukY7Y5F/yQiNdko6+fRLevlw1HgMySw7f611UIY408EtxRSoK3Q==",
      "requires": {
        "js-tokens": "^3.0.0 || ^4.0.0"
      }
    },
    "object-assign": {
      "version": "4.1.1",
      "resolved": "https://registry.npmjs.org/object-assign/-/object-assign-4.1.1.tgz",
      "integrity": "sha1-IQmtx5ZYh8/AXLvUQsrIv7s2CGM="
    },
    "prettier": {
      "version": "2.5.1",
      "resolved": "https://registry.npmjs.org/prettier/-/prettier-2.5.1.tgz",
      "integrity": "sha512-vBZcPRUR5MZJwoyi3ZoyQlc1rXeEck8KgeC9AwwOn+exuxLxq5toTRDTSaVrXHxelDMHy9zlicw8u66yxoSUFg==",
      "dev": true
    },
    "react": {
      "version": "17.0.2",
      "resolved": "https://registry.npmjs.org/react/-/react-17.0.2.tgz",
      "integrity": "sha512-gnhPt75i/dq/z3/6q/0asP78D0u592D5L1pd7M8P+dck6Fu/jJeL6iVVK23fptSUZj8Vjf++7wXA8UNclGQcbA==",
      "requires": {
        "loose-envify": "^1.1.0",
        "object-assign": "^4.1.1"
      }
    },
    "react-dom": {
      "version": "17.0.2",
      "resolved": "https://registry.npmjs.org/react-dom/-/react-dom-17.0.2.tgz",
      "integrity": "sha512-s4h96KtLDUQlsENhMn1ar8t2bEa+q/YAtj8pPPdIjPDGBDIVNsrD9aXNWqspUe6AzKCIG0C1HZZLqLV7qpOBGA==",
      "requires": {
        "loose-envify": "^1.1.0",
        "object-assign": "^4.1.1",
        "scheduler": "^0.20.2"
      }
    },
    "scheduler": {
      "version": "0.20.2",
      "resolved": "https://registry.npmjs.org/scheduler/-/scheduler-0.20.2.tgz",
      "integrity": "sha512-2eWfGgAqqWFGqtdMmcL5zCMK1U8KlXv8SQFGglL3CEtd0aDVDWgeF/YoCmvln55m5zSk3J/20hTaSBeSObsQDQ==",
      "requires": {
        "loose-envify": "^1.1.0",
        "object-assign": "^4.1.1"
      }
    }
  }
}
